
Microsoft Visual Studio Solution File, Format Version 12.00
# Visual Studio Version 16
VisualStudioVersion = 16.0.31613.86
MinimumVisualStudioVersion = 10.0.40219.1
Project("{FAE04EC0-301F-11D3-BF4B-00C04F79EFBC}") = "EfTeams.Api", "EfTeams.Api\EfTeams.Api.csproj", "{15139BCC-C01F-4B19-AC50-1849D594A5B9}"
EndProject
Project("{FAE04EC0-301F-11D3-BF4B-00C04F79EFBC}") = "EfTeams.Data", "EfTeams.Data\EfTeams.Data.csproj", "{FC52E280-9DC6-4B32-917E-0AC4FC9A31F0}"
EndProject
Global
	GlobalSection(SolutionConfigurationPlatforms) = preSolution
		Debug|Any CPU = Debug|Any CPU
		Release|Any CPU = Release|Any CPU
	EndGlobalSection
	GlobalSection(ProjectConfigurationPlatforms) = postSolution
		{15139BCC-C01F-4B19-AC50-1849D594A5B9}.Debug|Any CPU.ActiveCfg = Debug|Any CPU
		{15139BCC-C01F-4B19-AC50-1849D594A5B9}.Debug|Any CPU.Build.0 = Debug|Any CPU
		{15139BCC-C01F-4B19-AC50-1849D594A5B9}.Release|Any CPU.ActiveCfg = Release|Any CPU
		{15139BCC-C01F-4B19-AC50-1849D594A5B9}.Release|Any CPU.Build.0 = Release|Any CPU
		{FC52E280-9DC6-4B32-917E-0AC4FC9A31F0}.Debug|Any CPU.ActiveCfg = Debug|Any CPU
		{FC52E280-9DC6-4B32-917E-0AC4FC9A31F0}.Debug|Any CPU.Build.0 = Debug|Any CPU
		{FC52E280-9DC6-4B32-917E-0AC4FC9A31F0}.Release|Any CPU.ActiveCfg = Release|Any CPU
		{FC52E280-9DC6-4B32-917E-0AC4FC9A31F0}.Release|Any CPU.Build.0 = Release|Any CPU
	EndGlobalSection
	GlobalSection(SolutionProperties) = preSolution
		HideSolutionNode = FALSE
	EndGlobalSection
	GlobalSection(ExtensibilityGlobals) = postSolution
		SolutionGuid = {E02902C2-659C-420C-A455-3EDF0EA119AF}
	EndGlobalSection
EndGlobal
